// !$*UTF8*$!
{
	archiveVersion = 1;
	classes = {
	};
	objectVersion = 55;
	objects = {

/* Begin PBXBuildFile section */
		186201086DC3A55AB1A5E4AC /* Pods_RisingCamp_Week3_CloneApp_CarrotMarket.framework in Frameworks */ = {isa = PBXBuildFile; fileRef = 5B96B9D283C7BBA3D1F1F444 /* Pods_RisingCamp_Week3_CloneApp_CarrotMarket.framework */; };
		58280FE8275F4E520035F385 /* myTableViewCell.xib in Resources */ = {isa = PBXBuildFile; fileRef = 58280FE7275F4E510035F385 /* myTableViewCell.xib */; };
		58280FEC275F546E0035F385 /* DynamicTableViewCell.swift in Sources */ = {isa = PBXBuildFile; fileRef = 58280FEB275F546E0035F385 /* DynamicTableViewCell.swift */; };
		58280FEE275F88C10035F385 /* DynamicDetailController.swift in Sources */ = {isa = PBXBuildFile; fileRef = 58280FED275F88C10035F385 /* DynamicDetailController.swift */; };
		58412894275DF06900253069 /* CollectionViewCell.swift in Sources */ = {isa = PBXBuildFile; fileRef = 58412893275DF06900253069 /* CollectionViewCell.swift */; };
		587104D4275BA0930000A7EA /* AppDelegate.swift in Sources */ = {isa = PBXBuildFile; fileRef = 587104D3275BA0930000A7EA /* AppDelegate.swift */; };
		587104D6275BA0930000A7EA /* SceneDelegate.swift in Sources */ = {isa = PBXBuildFile; fileRef = 587104D5275BA0930000A7EA /* SceneDelegate.swift */; };
		587104DB275BA0930000A7EA /* Main.storyboard in Resources */ = {isa = PBXBuildFile; fileRef = 587104D9275BA0930000A7EA /* Main.storyboard */; };
		587104DD275BA0940000A7EA /* Assets.xcassets in Resources */ = {isa = PBXBuildFile; fileRef = 587104DC275BA0940000A7EA /* Assets.xcassets */; };
		587104E0275BA0940000A7EA /* LaunchScreen.storyboard in Resources */ = {isa = PBXBuildFile; fileRef = 587104DE275BA0940000A7EA /* LaunchScreen.storyboard */; };
		587104E8275BB0DD0000A7EA /* HomeSearchBarViewController.swift in Sources */ = {isa = PBXBuildFile; fileRef = 587104E7275BB0DD0000A7EA /* HomeSearchBarViewController.swift */; };
		587104EA275BB8A50000A7EA /* HomeViewController.swift in Sources */ = {isa = PBXBuildFile; fileRef = 587104E9275BB8A50000A7EA /* HomeViewController.swift */; };
		587C9B79275CC29D00312456 /* HomeDetailViewController.swift in Sources */ = {isa = PBXBuildFile; fileRef = 587C9B78275CC29D00312456 /* HomeDetailViewController.swift */; };
		587C9B7B275CD02E00312456 /* 상품구성항목.swift in Sources */ = {isa = PBXBuildFile; fileRef = 587C9B7A275CD02E00312456 /* 상품구성항목.swift */; };
		587C9B7D275CD08400312456 /* DataModel.swift in Sources */ = {isa = PBXBuildFile; fileRef = 587C9B7C275CD08400312456 /* DataModel.swift */; };
		58A14CFC275CAC6D0056B106 /* HomeProductData.swift in Sources */ = {isa = PBXBuildFile; fileRef = 58A14CFB275CAC6D0056B106 /* HomeProductData.swift */; };
		58D9DF15275E1E2E002B1B8C /* CollectionViewController.swift in Sources */ = {isa = PBXBuildFile; fileRef = 58D9DF14275E1E2E002B1B8C /* CollectionViewController.swift */; };
/* End PBXBuildFile section */

/* Begin PBXFileReference section */
		58280FE7275F4E510035F385 /* myTableViewCell.xib */ = {isa = PBXFileReference; lastKnownFileType = file.xib; path = myTableViewCell.xib; sourceTree = "<group>"; };
		58280FEB275F546E0035F385 /* DynamicTableViewCell.swift */ = {isa = PBXFileReference; lastKnownFileType = sourcecode.swift; path = DynamicTableViewCell.swift; sourceTree = "<group>"; };
		58280FED275F88C10035F385 /* DynamicDetailController.swift */ = {isa = PBXFileReference; lastKnownFileType = sourcecode.swift; path = DynamicDetailController.swift; sourceTree = "<group>"; };
		58412893275DF06900253069 /* CollectionViewCell.swift */ = {isa = PBXFileReference; lastKnownFileType = sourcecode.swift; path = CollectionViewCell.swift; sourceTree = "<group>"; };
		587104D0275BA0930000A7EA /* RisingCamp_Week3_CloneApp_CarrotMarket.app */ = {isa = PBXFileReference; explicitFileType = wrapper.application; includeInIndex = 0; path = RisingCamp_Week3_CloneApp_CarrotMarket.app; sourceTree = BUILT_PRODUCTS_DIR; };
		587104D3275BA0930000A7EA /* AppDelegate.swift */ = {isa = PBXFileReference; lastKnownFileType = sourcecode.swift; path = AppDelegate.swift; sourceTree = "<group>"; };
		587104D5275BA0930000A7EA /* SceneDelegate.swift */ = {isa = PBXFileReference; lastKnownFileType = sourcecode.swift; path = SceneDelegate.swift; sourceTree = "<group>"; };
		587104DA275BA0930000A7EA /* Base */ = {isa = PBXFileReference; lastKnownFileType = file.storyboard; name = Base; path = Base.lproj/Main.storyboard; sourceTree = "<group>"; };
		587104DC275BA0940000A7EA /* Assets.xcassets */ = {isa = PBXFileReference; lastKnownFileType = folder.assetcatalog; path = Assets.xcassets; sourceTree = "<group>"; };
		587104DF275BA0940000A7EA /* Base */ = {isa = PBXFileReference; lastKnownFileType = file.storyboard; name = Base; path = Base.lproj/LaunchScreen.storyboard; sourceTree = "<group>"; };
		587104E1275BA0940000A7EA /* Info.plist */ = {isa = PBXFileReference; lastKnownFileType = text.plist.xml; path = Info.plist; sourceTree = "<group>"; };
		587104E7275BB0DD0000A7EA /* HomeSearchBarViewController.swift */ = {isa = PBXFileReference; lastKnownFileType = sourcecode.swift; path = HomeSearchBarViewController.swift; sourceTree = "<group>"; };
		587104E9275BB8A50000A7EA /* HomeViewController.swift */ = {isa = PBXFileReference; lastKnownFileType = sourcecode.swift; path = HomeViewController.swift; sourceTree = "<group>"; };
		587C9B78275CC29D00312456 /* HomeDetailViewController.swift */ = {isa = PBXFileReference; lastKnownFileType = sourcecode.swift; name = HomeDetailViewController.swift; path = /Users/kimminjong/Desktop/RisingCamp_Week3_CloneApp_CarrotMarket/HomeDetailViewController.swift; sourceTree = "<absolute>"; };
		587C9B7A275CD02E00312456 /* 상품구성항목.swift */ = {isa = PBXFileReference; lastKnownFileType = sourcecode.swift; name = "상품구성항목.swift"; path = "/Users/kimminjong/Desktop/RisingCamp_Week3_CloneApp_CarrotMarket/상품구성항목.swift"; sourceTree = "<absolute>"; };
		587C9B7C275CD08400312456 /* DataModel.swift */ = {isa = PBXFileReference; lastKnownFileType = sourcecode.swift; name = DataModel.swift; path = /Users/kimminjong/Desktop/RisingCamp_Week3_CloneApp_CarrotMarket/RisingCamp_Week3_CloneApp_CarrotMarket/DataModel.swift; sourceTree = "<absolute>"; };
		58A14CFB275CAC6D0056B106 /* HomeProductData.swift */ = {isa = PBXFileReference; lastKnownFileType = sourcecode.swift; name = HomeProductData.swift; path = /Users/kimminjong/Desktop/RisingCamp_Week3_CloneApp_CarrotMarket/HomeProductData.swift; sourceTree = "<absolute>"; };
		58D9DF14275E1E2E002B1B8C /* CollectionViewController.swift */ = {isa = PBXFileReference; lastKnownFileType = sourcecode.swift; path = CollectionViewController.swift; sourceTree = "<group>"; };
		5B96B9D283C7BBA3D1F1F444 /* Pods_RisingCamp_Week3_CloneApp_CarrotMarket.framework */ = {isa = PBXFileReference; explicitFileType = wrapper.framework; includeInIndex = 0; path = Pods_RisingCamp_Week3_CloneApp_CarrotMarket.framework; sourceTree = BUILT_PRODUCTS_DIR; };
		67DC229451668B3906A779CE /* Pods-RisingCamp_Week3_CloneApp_CarrotMarket.release.xcconfig */ = {isa = PBXFileReference; includeInIndex = 1; lastKnownFileType = text.xcconfig; name = "Pods-RisingCamp_Week3_CloneApp_CarrotMarket.release.xcconfig"; path = "Target Support Files/Pods-RisingCamp_Week3_CloneApp_CarrotMarket/Pods-RisingCamp_Week3_CloneApp_CarrotMarket.release.xcconfig"; sourceTree = "<group>"; };
		9A4ED97E249B982FE46540C4 /* Pods-RisingCamp_Week3_CloneApp_CarrotMarket.debug.xcconfig */ = {isa = PBXFileReference; includeInIndex = 1; lastKnownFileType = text.xcconfig; name = "Pods-RisingCamp_Week3_CloneApp_CarrotMarket.debug.xcconfig"; path = "Target Support Files/Pods-RisingCamp_Week3_CloneApp_CarrotMarket/Pods-RisingCamp_Week3_CloneApp_CarrotMarket.debug.xcconfig"; sourceTree = "<group>"; };
/* End PBXFileReference section */

/* Begin PBXFrameworksBuildPhase section */
		587104CD275BA0930000A7EA /* Frameworks */ = {
			isa = PBXFrameworksBuildPhase;
			buildActionMask = 2147483647;
			files = (
				186201086DC3A55AB1A5E4AC /* Pods_RisingCamp_Week3_CloneApp_CarrotMarket.framework in Frameworks */,
			);
			runOnlyForDeploymentPostprocessing = 0;
		};
/* End PBXFrameworksBuildPhase section */

/* Begin PBXGroup section */
		58412890275DEE5D00253069 /* 동네생활 */ = {
			isa = PBXGroup;
			children = (
				58412893275DF06900253069 /* CollectionViewCell.swift */,
				58D9DF14275E1E2E002B1B8C /* CollectionViewController.swift */,
				58280FEB275F546E0035F385 /* DynamicTableViewCell.swift */,
				58280FED275F88C10035F385 /* DynamicDetailController.swift */,
				58280FE7275F4E510035F385 /* myTableViewCell.xib */,
			);
			name = "동네생활";
			path = ..;
			sourceTree = "<group>";
		};
		584B564F275CA8D500DB560F /* 홈화면 */ = {
			isa = PBXGroup;
			children = (
				587104E9275BB8A50000A7EA /* HomeViewController.swift */,
				587C9B78275CC29D00312456 /* HomeDetailViewController.swift */,
				58A14CFB275CAC6D0056B106 /* HomeProductData.swift */,
				587104E7275BB0DD0000A7EA /* HomeSearchBarViewController.swift */,
			);
			name = "홈화면";
			path = ..;
			sourceTree = "<group>";
		};
		587104C7275BA0930000A7EA = {
			isa = PBXGroup;
			children = (
				587104D2275BA0930000A7EA /* RisingCamp_Week3_CloneApp_CarrotMarket */,
				587104D1275BA0930000A7EA /* Products */,
				CDF316195D4EC795EE36DBB6 /* Pods */,
				EFBD33F38CDBA394C39CCE34 /* Frameworks */,
			);
			sourceTree = "<group>";
		};
		587104D1275BA0930000A7EA /* Products */ = {
			isa = PBXGroup;
			children = (
				587104D0275BA0930000A7EA /* RisingCamp_Week3_CloneApp_CarrotMarket.app */,
			);
			name = Products;
			sourceTree = "<group>";
		};
		587104D2275BA0930000A7EA /* RisingCamp_Week3_CloneApp_CarrotMarket */ = {
			isa = PBXGroup;
			children = (
				587104D9275BA0930000A7EA /* Main.storyboard */,
				587C9B7E275CD08D00312456 /* Model */,
				584B564F275CA8D500DB560F /* 홈화면 */,
				58412890275DEE5D00253069 /* 동네생활 */,
				587104DE275BA0940000A7EA /* LaunchScreen.storyboard */,
				587104E1275BA0940000A7EA /* Info.plist */,
				587104DC275BA0940000A7EA /* Assets.xcassets */,
				587104D5275BA0930000A7EA /* SceneDelegate.swift */,
				587104D3275BA0930000A7EA /* AppDelegate.swift */,
			);
			path = RisingCamp_Week3_CloneApp_CarrotMarket;
			sourceTree = "<group>";
		};
		587C9B7E275CD08D00312456 /* Model */ = {
			isa = PBXGroup;
			children = (
				587C9B7A275CD02E00312456 /* 상품구성항목.swift */,
				587C9B7C275CD08400312456 /* DataModel.swift */,
			);
			path = Model;
			sourceTree = "<group>";
		};
		CDF316195D4EC795EE36DBB6 /* Pods */ = {
			isa = PBXGroup;
			children = (
				9A4ED97E249B982FE46540C4 /* Pods-RisingCamp_Week3_CloneApp_CarrotMarket.debug.xcconfig */,
				67DC229451668B3906A779CE /* Pods-RisingCamp_Week3_CloneApp_CarrotMarket.release.xcconfig */,
			);
			path = Pods;
			sourceTree = "<group>";
		};
		EFBD33F38CDBA394C39CCE34 /* Frameworks */ = {
			isa = PBXGroup;
			children = (
				5B96B9D283C7BBA3D1F1F444 /* Pods_RisingCamp_Week3_CloneApp_CarrotMarket.framework */,
			);
			name = Frameworks;
			sourceTree = "<group>";
		};
/* End PBXGroup section */

/* Begin PBXNativeTarget section */
		587104CF275BA0930000A7EA /* RisingCamp_Week3_CloneApp_CarrotMarket */ = {
			isa = PBXNativeTarget;
			buildConfigurationList = 587104E4275BA0940000A7EA /* Build configuration list for PBXNativeTarget "RisingCamp_Week3_CloneApp_CarrotMarket" */;
			buildPhases = (
				83126CEE95F9F2BC2C2BCD7B /* [CP] Check Pods Manifest.lock */,
				587104CC275BA0930000A7EA /* Sources */,
				587104CD275BA0930000A7EA /* Frameworks */,
				587104CE275BA0930000A7EA /* Resources */,
				A2C1574539F75434D78BC4AC /* [CP] Embed Pods Frameworks */,
			);
			buildRules = (
			);
			dependencies = (
			);
			name = RisingCamp_Week3_CloneApp_CarrotMarket;
			productName = RisingCamp_Week3_CloneApp_CarrotMarket;
			productReference = 587104D0275BA0930000A7EA /* RisingCamp_Week3_CloneApp_CarrotMarket.app */;
			productType = "com.apple.product-type.application";
		};
/* End PBXNativeTarget section */

/* Begin PBXProject section */
		587104C8275BA0930000A7EA /* Project object */ = {
			isa = PBXProject;
			attributes = {
				BuildIndependentTargetsInParallel = 1;
				LastSwiftUpdateCheck = 1310;
				LastUpgradeCheck = 1310;
				TargetAttributes = {
					587104CF275BA0930000A7EA = {
						CreatedOnToolsVersion = 13.1;
					};
				};
			};
			buildConfigurationList = 587104CB275BA0930000A7EA /* Build configuration list for PBXProject "RisingCamp_Week3_CloneApp_CarrotMarket" */;
			compatibilityVersion = "Xcode 13.0";
			developmentRegion = en;
			hasScannedForEncodings = 0;
			knownRegions = (
				en,
				Base,
			);
			mainGroup = 587104C7275BA0930000A7EA;
			productRefGroup = 587104D1275BA0930000A7EA /* Products */;
			projectDirPath = "";
			projectRoot = "";
			targets = (
				587104CF275BA0930000A7EA /* RisingCamp_Week3_CloneApp_CarrotMarket */,
			);
		};
/* End PBXProject section */

/* Begin PBXResourcesBuildPhase section */
		587104CE275BA0930000A7EA /* Resources */ = {
			isa = PBXResourcesBuildPhase;
			buildActionMask = 2147483647;
			files = (
				587104E0275BA0940000A7EA /* LaunchScreen.storyboard in Resources */,
				58280FE8275F4E520035F385 /* myTableViewCell.xib in Resources */,
				587104DD275BA0940000A7EA /* Assets.xcassets in Resources */,
				587104DB275BA0930000A7EA /* Main.storyboard in Resources */,
			);
			runOnlyForDeploymentPostprocessing = 0;
		};
/* End PBXResourcesBuildPhase section */

/* Begin PBXShellScriptBuildPhase section */
		83126CEE95F9F2BC2C2BCD7B /* [CP] Check Pods Manifest.lock */ = {
			isa = PBXShellScriptBuildPhase;
			buildActionMask = 2147483647;
			files = (
			);
			inputFileListPaths = (
			);
			inputPaths = (
				"${PODS_PODFILE_DIR_PATH}/Podfile.lock",
				"${PODS_ROOT}/Manifest.lock",
			);
			name = "[CP] Check Pods Manifest.lock";
			outputFileListPaths = (
			);
			outputPaths = (
				"$(DERIVED_FILE_DIR)/Pods-RisingCamp_Week3_CloneApp_CarrotMarket-checkManifestLockResult.txt",
			);
			runOnlyForDeploymentPostprocessing = 0;
			shellPath = /bin/sh;
			shellScript = "diff \"${PODS_PODFILE_DIR_PATH}/Podfile.lock\" \"${PODS_ROOT}/Manifest.lock\" > /dev/null\nif [ $? != 0 ] ; then\n    # print error to STDERR\n    echo \"error: The sandbox is not in sync with the Podfile.lock. Run 'pod install' or update your CocoaPods installation.\" >&2\n    exit 1\nfi\n# This output is used by Xcode 'outputs' to avoid re-running this script phase.\necho \"SUCCESS\" > \"${SCRIPT_OUTPUT_FILE_0}\"\n";
			showEnvVarsInLog = 0;
		};
		A2C1574539F75434D78BC4AC /* [CP] Embed Pods Frameworks */ = {
			isa = PBXShellScriptBuildPhase;
			buildActionMask = 2147483647;
			files = (
			);
			inputFileListPaths = (
				"${PODS_ROOT}/Target Support Files/Pods-RisingCamp_Week3_CloneApp_CarrotMarket/Pods-RisingCamp_Week3_CloneApp_CarrotMarket-frameworks-${CONFIGURATION}-input-files.xcfilelist",
			);
			name = "[CP] Embed Pods Frameworks";
			outputFileListPaths = (
				"${PODS_ROOT}/Target Support Files/Pods-RisingCamp_Week3_CloneApp_CarrotMarket/Pods-RisingCamp_Week3_CloneApp_CarrotMarket-frameworks-${CONFIGURATION}-output-files.xcfilelist",
			);
			runOnlyForDeploymentPostprocessing = 0;
			shellPath = /bin/sh;
			shellScript = "\"${PODS_ROOT}/Target Support Files/Pods-RisingCamp_Week3_CloneApp_CarrotMarket/Pods-RisingCamp_Week3_CloneApp_CarrotMarket-frameworks.sh\"\n";
			showEnvVarsInLog = 0;
		};
/* End PBXShellScriptBuildPhase section */

/* Begin PBXSourcesBuildPhase section */
		587104CC275BA0930000A7EA /* Sources */ = {
			isa = PBXSourcesBuildPhase;
			buildActionMask = 2147483647;
			files = (
				58412894275DF06900253069 /* CollectionViewCell.swift in Sources */,
				587C9B7B275CD02E00312456 /* 상품구성항목.swift in Sources */,
				587C9B79275CC29D00312456 /* HomeDetailViewController.swift in Sources */,
				58A14CFC275CAC6D0056B106 /* HomeProductData.swift in Sources */,
				58280FEC275F546E0035F385 /* DynamicTableViewCell.swift in Sources */,
				587104E8275BB0DD0000A7EA /* HomeSearchBarViewController.swift in Sources */,
				587104D4275BA0930000A7EA /* AppDelegate.swift in Sources */,
				587C9B7D275CD08400312456 /* DataModel.swift in Sources */,
				58280FEE275F88C10035F385 /* DynamicDetailController.swift in Sources */,
				587104D6275BA0930000A7EA /* SceneDelegate.swift in Sources */,
				587104EA275BB8A50000A7EA /* HomeViewController.swift in Sources */,
				58D9DF15275E1E2E002B1B8C /* CollectionViewController.swift in Sources */,
			);
			runOnlyForDeploymentPostprocessing = 0;
		};
/* End PBXSourcesBuildPhase section */

/* Begin PBXVariantGroup section */
		587104D9275BA0930000A7EA /* Main.storyboard */ = {
			isa = PBXVariantGroup;
			children = (
				587104DA275BA0930000A7EA /* Base */,
			);
			name = Main.storyboard;
			sourceTree = "<group>";
		};
		587104DE275BA0940000A7EA /* LaunchScreen.storyboard */ = {
			isa = PBXVariantGroup;
			children = (
				587104DF275BA0940000A7EA /* Base */,
			);
			name = LaunchScreen.storyboard;
			sourceTree = "<group>";
		};
/* End PBXVariantGroup section */

/* Begin XCBuildConfiguration section */
		587104E2275BA0940000A7EA /* Debug */ = {
			isa = XCBuildConfiguration;
			buildSettings = {
				ALWAYS_SEARCH_USER_PATHS = NO;
				CLANG_ANALYZER_NONNULL = YES;
				CLANG_ANALYZER_NUMBER_OBJECT_CONVERSION = YES_AGGRESSIVE;
				CLANG_CXX_LANGUAGE_STANDARD = "gnu++17";
				CLANG_CXX_LIBRARY = "libc++";
				CLANG_ENABLE_MODULES = YES;
				CLANG_ENABLE_OBJC_ARC = YES;
				CLANG_ENABLE_OBJC_WEAK = YES;
				CLANG_WARN_BLOCK_CAPTURE_AUTORELEASING = YES;
				CLANG_WARN_BOOL_CONVERSION = YES;
				CLANG_WARN_COMMA = YES;
				CLANG_WARN_CONSTANT_CONVERSION = YES;
				CLANG_WARN_DEPRECATED_OBJC_IMPLEMENTATIONS = YES;
				CLANG_WARN_DIRECT_OBJC_ISA_USAGE = YES_ERROR;
				CLANG_WARN_DOCUMENTATION_COMMENTS = YES;
				CLANG_WARN_EMPTY_BODY = YES;
				CLANG_WARN_ENUM_CONVERSION = YES;
				CLANG_WARN_INFINITE_RECURSION = YES;
				CLANG_WARN_INT_CONVERSION = YES;
				CLANG_WARN_NON_LITERAL_NULL_CONVERSION = YES;
				CLANG_WARN_OBJC_IMPLICIT_RETAIN_SELF = YES;
				CLANG_WARN_OBJC_LITERAL_CONVERSION = YES;
				CLANG_WARN_OBJC_ROOT_CLASS = YES_ERROR;
				CLANG_WARN_QUOTED_INCLUDE_IN_FRAMEWORK_HEADER = YES;
				CLANG_WARN_RANGE_LOOP_ANALYSIS = YES;
				CLANG_WARN_STRICT_PROTOTYPES = YES;
				CLANG_WARN_SUSPICIOUS_MOVE = YES;
				CLANG_WARN_UNGUARDED_AVAILABILITY = YES_AGGRESSIVE;
				CLANG_WARN_UNREACHABLE_CODE = YES;
				CLANG_WARN__DUPLICATE_METHOD_MATCH = YES;
				COPY_PHASE_STRIP = NO;
				DEBUG_INFORMATION_FORMAT = dwarf;
				ENABLE_STRICT_OBJC_MSGSEND = YES;
				ENABLE_TESTABILITY = YES;
				GCC_C_LANGUAGE_STANDARD = gnu11;
				GCC_DYNAMIC_NO_PIC = NO;
				GCC_NO_COMMON_BLOCKS = YES;
				GCC_OPTIMIZATION_LEVEL = 0;
				GCC_PREPROCESSOR_DEFINITIONS = (
					"DEBUG=1",
					"$(inherited)",
				);
				GCC_WARN_64_TO_32_BIT_CONVERSION = YES;
				GCC_WARN_ABOUT_RETURN_TYPE = YES_ERROR;
				GCC_WARN_UNDECLARED_SELECTOR = YES;
				GCC_WARN_UNINITIALIZED_AUTOS = YES_AGGRESSIVE;
				GCC_WARN_UNUSED_FUNCTION = YES;
				GCC_WARN_UNUSED_VARIABLE = YES;
				IPHONEOS_DEPLOYMENT_TARGET = 15.0;
				MTL_ENABLE_DEBUG_INFO = INCLUDE_SOURCE;
				MTL_FAST_MATH = YES;
				ONLY_ACTIVE_ARCH = YES;
				SDKROOT = iphoneos;
				SWIFT_ACTIVE_COMPILATION_CONDITIONS = DEBUG;
				SWIFT_OPTIMIZATION_LEVEL = "-Onone";
			};
			name = Debug;
		};
		587104E3275BA0940000A7EA /* Release */ = {
			isa = XCBuildConfiguration;
			buildSettings = {
				ALWAYS_SEARCH_USER_PATHS = NO;
				CLANG_ANALYZER_NONNULL = YES;
				CLANG_ANALYZER_NUMBER_OBJECT_CONVERSION = YES_AGGRESSIVE;
				CLANG_CXX_LANGUAGE_STANDARD = "gnu++17";
				CLANG_CXX_LIBRARY = "libc++";
				CLANG_ENABLE_MODULES = YES;
				CLANG_ENABLE_OBJC_ARC = YES;
				CLANG_ENABLE_OBJC_WEAK = YES;
				CLANG_WARN_BLOCK_CAPTURE_AUTORELEASING = YES;
				CLANG_WARN_BOOL_CONVERSION = YES;
				CLANG_WARN_COMMA = YES;
				CLANG_WARN_CONSTANT_CONVERSION = YES;
				CLANG_WARN_DEPRECATED_OBJC_IMPLEMENTATIONS = YES;
				CLANG_WARN_DIRECT_OBJC_ISA_USAGE = YES_ERROR;
				CLANG_WARN_DOCUMENTATION_COMMENTS = YES;
				CLANG_WARN_EMPTY_BODY = YES;
				CLANG_WARN_ENUM_CONVERSION = YES;
				CLANG_WARN_INFINITE_RECURSION = YES;
				CLANG_WARN_INT_CONVERSION = YES;
				CLANG_WARN_NON_LITERAL_NULL_CONVERSION = YES;
				CLANG_WARN_OBJC_IMPLICIT_RETAIN_SELF = YES;
				CLANG_WARN_OBJC_LITERAL_CONVERSION = YES;
				CLANG_WARN_OBJC_ROOT_CLASS = YES_ERROR;
				CLANG_WARN_QUOTED_INCLUDE_IN_FRAMEWORK_HEADER = YES;
				CLANG_WARN_RANGE_LOOP_ANALYSIS = YES;
				CLANG_WARN_STRICT_PROTOTYPES = YES;
				CLANG_WARN_SUSPICIOUS_MOVE = YES;
				CLANG_WARN_UNGUARDED_AVAILABILITY = YES_AGGRESSIVE;
				CLANG_WARN_UNREACHABLE_CODE = YES;
				CLANG_WARN__DUPLICATE_METHOD_MATCH = YES;
				COPY_PHASE_STRIP = NO;
				DEBUG_INFORMATION_FORMAT = "dwarf-with-dsym";
				ENABLE_NS_ASSERTIONS = NO;
				ENABLE_STRICT_OBJC_MSGSEND = YES;
				GCC_C_LANGUAGE_STANDARD = gnu11;
				GCC_NO_COMMON_BLOCKS = YES;
				GCC_WARN_64_TO_32_BIT_CONVERSION = YES;
				GCC_WARN_ABOUT_RETURN_TYPE = YES_ERROR;
				GCC_WARN_UNDECLARED_SELECTOR = YES;
				GCC_WARN_UNINITIALIZED_AUTOS = YES_AGGRESSIVE;
				GCC_WARN_UNUSED_FUNCTION = YES;
				GCC_WARN_UNUSED_VARIABLE = YES;
				IPHONEOS_DEPLOYMENT_TARGET = 15.0;
				MTL_ENABLE_DEBUG_INFO = NO;
				MTL_FAST_MATH = YES;
				SDKROOT = iphoneos;
				SWIFT_COMPILATION_MODE = wholemodule;
				SWIFT_OPTIMIZATION_LEVEL = "-O";
				VALIDATE_PRODUCT = YES;
			};
			name = Release;
		};
		587104E5275BA0940000A7EA /* Debug */ = {
			isa = XCBuildConfiguration;
			baseConfigurationReference = 9A4ED97E249B982FE46540C4 /* Pods-RisingCamp_Week3_CloneApp_CarrotMarket.debug.xcconfig */;
			buildSettings = {
				ASSETCATALOG_COMPILER_APPICON_NAME = AppIcon;
				ASSETCATALOG_COMPILER_GLOBAL_ACCENT_COLOR_NAME = AccentColor;
				CODE_SIGN_STYLE = Automatic;
				CURRENT_PROJECT_VERSION = 1;
				DEVELOPMENT_TEAM = B84Q5QFST2;
				GENERATE_INFOPLIST_FILE = YES;
				INFOPLIST_FILE = RisingCamp_Week3_CloneApp_CarrotMarket/Info.plist;
				INFOPLIST_KEY_UIApplicationSupportsIndirectInputEvents = YES;
				INFOPLIST_KEY_UILaunchStoryboardName = LaunchScreen;
				INFOPLIST_KEY_UIMainStoryboardFile = Main;
				INFOPLIST_KEY_UISupportedInterfaceOrientations_iPad = "UIInterfaceOrientationPortrait UIInterfaceOrientationPortraitUpsideDown UIInterfaceOrientationLandscapeLeft UIInterfaceOrientationLandscapeRight";
				INFOPLIST_KEY_UISupportedInterfaceOrientations_iPhone = "UIInterfaceOrientationPortrait UIInterfaceOrientationLandscapeLeft UIInterfaceOrientationLandscapeRight";
				LD_RUNPATH_SEARCH_PATHS = (
					"$(inherited)",
					"@executable_path/Frameworks",
				);
				MARKETING_VERSION = 1.0;
				PRODUCT_BUNDLE_IDENTIFIER = "Minjong.RisingCamp-Week3-CloneApp-CarrotMarket";
				PRODUCT_NAME = "$(TARGET_NAME)";
				SWIFT_EMIT_LOC_STRINGS = YES;
				SWIFT_VERSION = 5.0;
				TARGETED_DEVICE_FAMILY = "1,2";
			};
			name = Debug;
		};
		587104E6275BA0940000A7EA /* Release */ = {
			isa = XCBuildConfiguration;
			baseConfigurationReference = 67DC229451668B3906A779CE /* Pods-RisingCamp_Week3_CloneApp_CarrotMarket.release.xcconfig */;
			buildSettings = {
				ASSETCATALOG_COMPILER_APPICON_NAME = AppIcon;
				ASSETCATALOG_COMPILER_GLOBAL_ACCENT_COLOR_NAME = AccentColor;
				CODE_SIGN_STYLE = Automatic;
				CURRENT_PROJECT_VERSION = 1;
				DEVELOPMENT_TEAM = B84Q5QFST2;
				GENERATE_INFOPLIST_FILE = YES;
				INFOPLIST_FILE = RisingCamp_Week3_CloneApp_CarrotMarket/Info.plist;
				INFOPLIST_KEY_UIApplicationSupportsIndirectInputEvents = YES;
				INFOPLIST_KEY_UILaunchStoryboardName = LaunchScreen;
				INFOPLIST_KEY_UIMainStoryboardFile = Main;
				INFOPLIST_KEY_UISupportedInterfaceOrientations_iPad = "UIInterfaceOrientationPortrait UIInterfaceOrientationPortraitUpsideDown UIInterfaceOrientationLandscapeLeft UIInterfaceOrientationLandscapeRight";
				INFOPLIST_KEY_UISupportedInterfaceOrientations_iPhone = "UIInterfaceOrientationPortrait UIInterfaceOrientationLandscapeLeft UIInterfaceOrientationLandscapeRight";
				LD_RUNPATH_SEARCH_PATHS = (
					"$(inherited)",
					"@executable_path/Frameworks",
				);
				MARKETING_VERSION = 1.0;
				PRODUCT_BUNDLE_IDENTIFIER = "Minjong.RisingCamp-Week3-CloneApp-CarrotMarket";
				PRODUCT_NAME = "$(TARGET_NAME)";
				SWIFT_EMIT_LOC_STRINGS = YES;
				SWIFT_VERSION = 5.0;
				TARGETED_DEVICE_FAMILY = "1,2";
			};
			name = Release;
		};
/* End XCBuildConfiguration section */

/* Begin XCConfigurationList section */
		587104CB275BA0930000A7EA /* Build configuration list for PBXProject "RisingCamp_Week3_CloneApp_CarrotMarket" */ = {
			isa = XCConfigurationList;
			buildConfigurations = (
				587104E2275BA0940000A7EA /* Debug */,
				587104E3275BA0940000A7EA /* Release */,
			);
			defaultConfigurationIsVisible = 0;
			defaultConfigurationName = Release;
		};
		587104E4275BA0940000A7EA /* Build configuration list for PBXNativeTarget "RisingCamp_Week3_CloneApp_CarrotMarket" */ = {
			isa = XCConfigurationList;
			buildConfigurations = (
				587104E5275BA0940000A7EA /* Debug */,
				587104E6275BA0940000A7EA /* Release */,
			);
			defaultConfigurationIsVisible = 0;
			defaultConfigurationName = Release;
		};
/* End XCConfigurationList section */
	};
	rootObject = 587104C8275BA0930000A7EA /* Project object */;
}
